{
  "name": "20181220",
  "version": "1.0.0",
  "lockfileVersion": 1,
  "requires": true,
  "dependencies": {
    "solarlunar": {
      "version": "2.0.5",
      "resolved": "https://registry.npmjs.org/solarlunar/-/solarlunar-2.0.5.tgz",
      "integrity": "sha512-g8X/cWsUzlvNfkI2fzcebdwd/zoeh7tZ93M4IkKZUN2nhCm5beXVbYcVgbti5ncz4Y7NYr62w2l0TsGSggqAeg=="
    }
  }
}
